
Microsoft Visual Studio Solution File, Format Version 12.00
# Visual Studio Version 17
VisualStudioVersion = 17.10.34707.107
MinimumVisualStudioVersion = 10.0.40219.1
Project("{9A19103F-16F7-4668-BE54-9A1E7A4F7556}") = "wan24-Blazor", "wan24-Blazor\wan24-Blazor.csproj", "{B11F7E52-A03C-420A-81E5-F8D7CFDE5FF1}"
EndProject
Project("{9A19103F-16F7-4668-BE54-9A1E7A4F7556}") = "wan24-Blazor Code Generator CLI", "wan24-Blazor Code Generator CLI\wan24-Blazor Code Generator CLI.csproj", "{6EDDE022-A0A0-4CDA-92F9-4DF6601DAA82}"
EndProject
Project("{9A19103F-16F7-4668-BE54-9A1E7A4F7556}") = "wan24-Blazor-Bootstrap", "wan24-Blazor-Bootstrap\wan24-Blazor-Bootstrap.csproj", "{E74CCC48-6E76-4BA0-8C7B-02AD02078B51}"
EndProject
Project("{9A19103F-16F7-4668-BE54-9A1E7A4F7556}") = "wan24-Blazor-BootstrapIcons", "wan24-Blazor-BootstrapIcons\wan24-Blazor-BootstrapIcons.csproj", "{F4D016E4-0280-4567-A83A-8E2135B004A4}"
EndProject
Project("{9A19103F-16F7-4668-BE54-9A1E7A4F7556}") = "wan24-Blazor Demo", "wan24-Blazor Demo\wan24-Blazor Demo.csproj", "{7A635962-0470-4989-BDAA-B9C70AB22272}"
EndProject
Project("{9A19103F-16F7-4668-BE54-9A1E7A4F7556}") = "wan24-Blazor-Shared", "wan24-Blazor-Shared\wan24-Blazor-Shared.csproj", "{2BA93E8B-95C0-4603-81EA-B8DA21CADE49}"
EndProject
Project("{9A19103F-16F7-4668-BE54-9A1E7A4F7556}") = "Wan24-Core", "..\..\wan24-Core\src\Wan24-Core\Wan24-Core.csproj", "{54BA7218-7EBF-42B5-8CB4-DE915F1B9BC4}"
EndProject
Project("{9A19103F-16F7-4668-BE54-9A1E7A4F7556}") = "ObjectValidation", "..\..\ObjectValidation\src\ObjectValidation\ObjectValidation.csproj", "{F8C3F780-1BC3-495B-B537-B454869C534C}"
EndProject
Project("{2150E333-8FDC-42A3-9474-1A3956D46DE8}") = "Referenced", "Referenced", "{B20A108F-72A6-46FA-8335-293DF68A1FD9}"
EndProject
Global
	GlobalSection(SolutionConfigurationPlatforms) = preSolution
		Debug|Any CPU = Debug|Any CPU
		Release|Any CPU = Release|Any CPU
		Trunk|Any CPU = Trunk|Any CPU
	EndGlobalSection
	GlobalSection(ProjectConfigurationPlatforms) = postSolution
		{B11F7E52-A03C-420A-81E5-F8D7CFDE5FF1}.Debug|Any CPU.ActiveCfg = Debug|Any CPU
		{B11F7E52-A03C-420A-81E5-F8D7CFDE5FF1}.Debug|Any CPU.Build.0 = Debug|Any CPU
		{B11F7E52-A03C-420A-81E5-F8D7CFDE5FF1}.Release|Any CPU.ActiveCfg = Release|Any CPU
		{B11F7E52-A03C-420A-81E5-F8D7CFDE5FF1}.Release|Any CPU.Build.0 = Release|Any CPU
		{B11F7E52-A03C-420A-81E5-F8D7CFDE5FF1}.Trunk|Any CPU.ActiveCfg = Trunk|Any CPU
		{B11F7E52-A03C-420A-81E5-F8D7CFDE5FF1}.Trunk|Any CPU.Build.0 = Trunk|Any CPU
		{6EDDE022-A0A0-4CDA-92F9-4DF6601DAA82}.Debug|Any CPU.ActiveCfg = Debug|Any CPU
		{6EDDE022-A0A0-4CDA-92F9-4DF6601DAA82}.Debug|Any CPU.Build.0 = Debug|Any CPU
		{6EDDE022-A0A0-4CDA-92F9-4DF6601DAA82}.Release|Any CPU.ActiveCfg = Release|Any CPU
		{6EDDE022-A0A0-4CDA-92F9-4DF6601DAA82}.Release|Any CPU.Build.0 = Release|Any CPU
		{6EDDE022-A0A0-4CDA-92F9-4DF6601DAA82}.Trunk|Any CPU.ActiveCfg = Trunk|Any CPU
		{6EDDE022-A0A0-4CDA-92F9-4DF6601DAA82}.Trunk|Any CPU.Build.0 = Trunk|Any CPU
		{E74CCC48-6E76-4BA0-8C7B-02AD02078B51}.Debug|Any CPU.ActiveCfg = Debug|Any CPU
		{E74CCC48-6E76-4BA0-8C7B-02AD02078B51}.Debug|Any CPU.Build.0 = Debug|Any CPU
		{E74CCC48-6E76-4BA0-8C7B-02AD02078B51}.Release|Any CPU.ActiveCfg = Release|Any CPU
		{E74CCC48-6E76-4BA0-8C7B-02AD02078B51}.Release|Any CPU.Build.0 = Release|Any CPU
		{E74CCC48-6E76-4BA0-8C7B-02AD02078B51}.Trunk|Any CPU.ActiveCfg = Trunk|Any CPU
		{E74CCC48-6E76-4BA0-8C7B-02AD02078B51}.Trunk|Any CPU.Build.0 = Trunk|Any CPU
		{F4D016E4-0280-4567-A83A-8E2135B004A4}.Debug|Any CPU.ActiveCfg = Debug|Any CPU
		{F4D016E4-0280-4567-A83A-8E2135B004A4}.Debug|Any CPU.Build.0 = Debug|Any CPU
		{F4D016E4-0280-4567-A83A-8E2135B004A4}.Release|Any CPU.ActiveCfg = Release|Any CPU
		{F4D016E4-0280-4567-A83A-8E2135B004A4}.Release|Any CPU.Build.0 = Release|Any CPU
		{F4D016E4-0280-4567-A83A-8E2135B004A4}.Trunk|Any CPU.ActiveCfg = Trunk|Any CPU
		{F4D016E4-0280-4567-A83A-8E2135B004A4}.Trunk|Any CPU.Build.0 = Trunk|Any CPU
		{7A635962-0470-4989-BDAA-B9C70AB22272}.Debug|Any CPU.ActiveCfg = Debug|Any CPU
		{7A635962-0470-4989-BDAA-B9C70AB22272}.Debug|Any CPU.Build.0 = Debug|Any CPU
		{7A635962-0470-4989-BDAA-B9C70AB22272}.Release|Any CPU.ActiveCfg = Release|Any CPU
		{7A635962-0470-4989-BDAA-B9C70AB22272}.Release|Any CPU.Build.0 = Release|Any CPU
		{7A635962-0470-4989-BDAA-B9C70AB22272}.Trunk|Any CPU.ActiveCfg = Trunk|Any CPU
		{7A635962-0470-4989-BDAA-B9C70AB22272}.Trunk|Any CPU.Build.0 = Trunk|Any CPU
		{2BA93E8B-95C0-4603-81EA-B8DA21CADE49}.Debug|Any CPU.ActiveCfg = Debug|Any CPU
		{2BA93E8B-95C0-4603-81EA-B8DA21CADE49}.Debug|Any CPU.Build.0 = Debug|Any CPU
		{2BA93E8B-95C0-4603-81EA-B8DA21CADE49}.Release|Any CPU.ActiveCfg = Release|Any CPU
		{2BA93E8B-95C0-4603-81EA-B8DA21CADE49}.Release|Any CPU.Build.0 = Release|Any CPU
		{2BA93E8B-95C0-4603-81EA-B8DA21CADE49}.Trunk|Any CPU.ActiveCfg = Trunk|Any CPU
		{2BA93E8B-95C0-4603-81EA-B8DA21CADE49}.Trunk|Any CPU.Build.0 = Trunk|Any CPU
		{54BA7218-7EBF-42B5-8CB4-DE915F1B9BC4}.Debug|Any CPU.ActiveCfg = Debug|Any CPU
		{54BA7218-7EBF-42B5-8CB4-DE915F1B9BC4}.Release|Any CPU.ActiveCfg = Release|Any CPU
		{54BA7218-7EBF-42B5-8CB4-DE915F1B9BC4}.Trunk|Any CPU.ActiveCfg = Trunk|Any CPU
		{54BA7218-7EBF-42B5-8CB4-DE915F1B9BC4}.Trunk|Any CPU.Build.0 = Trunk|Any CPU
		{F8C3F780-1BC3-495B-B537-B454869C534C}.Debug|Any CPU.ActiveCfg = Debug|Any CPU
		{F8C3F780-1BC3-495B-B537-B454869C534C}.Release|Any CPU.ActiveCfg = Release|Any CPU
		{F8C3F780-1BC3-495B-B537-B454869C534C}.Trunk|Any CPU.ActiveCfg = Trunk|Any CPU
		{F8C3F780-1BC3-495B-B537-B454869C534C}.Trunk|Any CPU.Build.0 = Trunk|Any CPU
	EndGlobalSection
	GlobalSection(SolutionProperties) = preSolution
		HideSolutionNode = FALSE
	EndGlobalSection
	GlobalSection(NestedProjects) = preSolution
		{54BA7218-7EBF-42B5-8CB4-DE915F1B9BC4} = {B20A108F-72A6-46FA-8335-293DF68A1FD9}
		{F8C3F780-1BC3-495B-B537-B454869C534C} = {B20A108F-72A6-46FA-8335-293DF68A1FD9}
	EndGlobalSection
	GlobalSection(ExtensibilityGlobals) = postSolution
		SolutionGuid = {9805544E-7850-4938-A938-CA61660CD619}
	EndGlobalSection
	GlobalSection(SharedMSBuildProjectFiles) = preSolution
		..\..\wan24-Core\src\Others\wan24-Core-Shared\src\wan24-Core-Shared\wan24-Core-Shared.projitems*{54ba7218-7ebf-42b5-8cb4-de915f1b9bc4}*SharedItemsImports = 5
	EndGlobalSection
EndGlobal
